
Microsoft Visual Studio Solution File, Format Version 12.00
# Visual Studio Version 16
VisualStudioVersion = 16.0.30309.148
MinimumVisualStudioVersion = 10.0.40219.1
Project("{FAE04EC0-301F-11D3-BF4B-00C04F79EFBC}") = "BethanysPieShop", "BethanysPieShop.csproj", "{3A459648-FC92-4C10-B575-DF377A24588A}"
EndProject
Global
	GlobalSection(SolutionConfigurationPlatforms) = preSolution
		Debug|Any CPU = Debug|Any CPU
		Release|Any CPU = Release|Any CPU
	EndGlobalSection
	GlobalSection(ProjectConfigurationPlatforms) = postSolution
		{3A459648-FC92-4C10-B575-DF377A24588A}.Debug|Any CPU.ActiveCfg = Debug|Any CPU
		{3A459648-FC92-4C10-B575-DF377A24588A}.Debug|Any CPU.Build.0 = Debug|Any CPU
		{3A459648-FC92-4C10-B575-DF377A24588A}.Release|Any CPU.ActiveCfg = Release|Any CPU
		{3A459648-FC92-4C10-B575-DF377A24588A}.Release|Any CPU.Build.0 = Release|Any CPU
	EndGlobalSection
	GlobalSection(SolutionProperties) = preSolution
		HideSolutionNode = FALSE
	EndGlobalSection
	GlobalSection(ExtensibilityGlobals) = postSolution
		SolutionGuid = {C33980BE-8C00-4581-BC9B-E62F2925861C}
	EndGlobalSection
EndGlobal
